
Microsoft Visual Studio Solution File, Format Version 12.00
# Visual Studio 2012
Project("{8BC9CEB8-8B4A-11D0-8D11-00A0C91BC942}") = "乙_1046. 划拳(15)", "乙_1046. 划拳(15)\乙_1046. 划拳(15).vcxproj", "{30B67969-8883-487D-AA9B-688B64328CAD}"
EndProject
Global
	GlobalSection(SolutionConfigurationPlatforms) = preSolution
		Debug|Win32 = Debug|Win32
		Release|Win32 = Release|Win32
	EndGlobalSection
	GlobalSection(ProjectConfigurationPlatforms) = postSolution
		{30B67969-8883-487D-AA9B-688B64328CAD}.Debug|Win32.ActiveCfg = Debug|Win32
		{30B67969-8883-487D-AA9B-688B64328CAD}.Debug|Win32.Build.0 = Debug|Win32
		{30B67969-8883-487D-AA9B-688B64328CAD}.Release|Win32.ActiveCfg = Release|Win32
		{30B67969-8883-487D-AA9B-688B64328CAD}.Release|Win32.Build.0 = Release|Win32
	EndGlobalSection
	GlobalSection(SolutionProperties) = preSolution
		HideSolutionNode = FALSE
	EndGlobalSection
EndGlobal
