
Microsoft Visual Studio Solution File, Format Version 12.00
# Visual Studio 2012
Project("{8BC9CEB8-8B4A-11D0-8D11-00A0C91BC942}") = "最大子列和进阶_输出头尾", "最大子列和进阶_输出头尾\最大子列和进阶_输出头尾.vcxproj", "{E7EAE871-5F6D-4726-94C2-3583792A6A50}"
EndProject
Global
	GlobalSection(SolutionConfigurationPlatforms) = preSolution
		Debug|Win32 = Debug|Win32
		Release|Win32 = Release|Win32
	EndGlobalSection
	GlobalSection(ProjectConfigurationPlatforms) = postSolution
		{E7EAE871-5F6D-4726-94C2-3583792A6A50}.Debug|Win32.ActiveCfg = Debug|Win32
		{E7EAE871-5F6D-4726-94C2-3583792A6A50}.Debug|Win32.Build.0 = Debug|Win32
		{E7EAE871-5F6D-4726-94C2-3583792A6A50}.Release|Win32.ActiveCfg = Release|Win32
		{E7EAE871-5F6D-4726-94C2-3583792A6A50}.Release|Win32.Build.0 = Release|Win32
	EndGlobalSection
	GlobalSection(SolutionProperties) = preSolution
		HideSolutionNode = FALSE
	EndGlobalSection
EndGlobal
