
Microsoft Visual Studio Solution File, Format Version 12.00
# Visual Studio 2012
Project("{8BC9CEB8-8B4A-11D0-8D11-00A0C91BC942}") = "1011_A+B和C (15)", "1011_A+B和C (15)\1011_A+B和C (15).vcxproj", "{A68B7E57-F63F-4EB6-B533-9DE73C181E84}"
EndProject
Global
	GlobalSection(SolutionConfigurationPlatforms) = preSolution
		Debug|Win32 = Debug|Win32
		Release|Win32 = Release|Win32
	EndGlobalSection
	GlobalSection(ProjectConfigurationPlatforms) = postSolution
		{A68B7E57-F63F-4EB6-B533-9DE73C181E84}.Debug|Win32.ActiveCfg = Debug|Win32
		{A68B7E57-F63F-4EB6-B533-9DE73C181E84}.Debug|Win32.Build.0 = Debug|Win32
		{A68B7E57-F63F-4EB6-B533-9DE73C181E84}.Release|Win32.ActiveCfg = Release|Win32
		{A68B7E57-F63F-4EB6-B533-9DE73C181E84}.Release|Win32.Build.0 = Release|Win32
	EndGlobalSection
	GlobalSection(SolutionProperties) = preSolution
		HideSolutionNode = FALSE
	EndGlobalSection
EndGlobal
