
Microsoft Visual Studio Solution File, Format Version 12.00
# Visual Studio 2012
Project("{8BC9CEB8-8B4A-11D0-8D11-00A0C91BC942}") = "乙_1061. 判断题(15)", "乙_1061. 判断题(15)\乙_1061. 判断题(15).vcxproj", "{3024C935-8FE9-4892-BCF9-6F9821C78A50}"
EndProject
Global
	GlobalSection(SolutionConfigurationPlatforms) = preSolution
		Debug|Win32 = Debug|Win32
		Release|Win32 = Release|Win32
	EndGlobalSection
	GlobalSection(ProjectConfigurationPlatforms) = postSolution
		{3024C935-8FE9-4892-BCF9-6F9821C78A50}.Debug|Win32.ActiveCfg = Debug|Win32
		{3024C935-8FE9-4892-BCF9-6F9821C78A50}.Debug|Win32.Build.0 = Debug|Win32
		{3024C935-8FE9-4892-BCF9-6F9821C78A50}.Release|Win32.ActiveCfg = Release|Win32
		{3024C935-8FE9-4892-BCF9-6F9821C78A50}.Release|Win32.Build.0 = Release|Win32
	EndGlobalSection
	GlobalSection(SolutionProperties) = preSolution
		HideSolutionNode = FALSE
	EndGlobalSection
EndGlobal
